{
  "version": "5",
  "specifiers": {
    "npm:@biomejs/biome@^2.2.5": "2.2.5",
    "npm:@types/react-dom@^19.1.9": "19.2.1_@types+react@19.2.2",
    "npm:@types/react@^19.1.13": "19.2.2"
  },
  "npm": {
    "@biomejs/biome@2.2.5": {
      "integrity": "sha512-zcIi+163Rc3HtyHbEO7CjeHq8DjQRs40HsGbW6vx2WI0tg8mYQOPouhvHSyEnCBAorfYNnKdR64/IxO7xQ5faw==",
      "optionalDependencies": [
        "@biomejs/cli-darwin-arm64",
        "@biomejs/cli-darwin-x64",
        "@biomejs/cli-linux-arm64",
        "@biomejs/cli-linux-arm64-musl",
        "@biomejs/cli-linux-x64",
        "@biomejs/cli-linux-x64-musl",
        "@biomejs/cli-win32-arm64",
        "@biomejs/cli-win32-x64"
      ],
      "bin": true
    },
    "@biomejs/cli-darwin-arm64@2.2.5": {
      "integrity": "sha512-MYT+nZ38wEIWVcL5xLyOhYQQ7nlWD0b/4mgATW2c8dvq7R4OQjt/XGXFkXrmtWmQofaIM14L7V8qIz/M+bx5QQ==",
      "os": ["darwin"],
      "cpu": ["arm64"]
    },
    "@biomejs/cli-darwin-x64@2.2.5": {
      "integrity": "sha512-FLIEl73fv0R7dI10EnEiZLw+IMz3mWLnF95ASDI0kbx6DDLJjWxE5JxxBfmG+udz1hIDd3fr5wsuP7nwuTRdAg==",
      "os": ["darwin"],
      "cpu": ["x64"]
    },
    "@biomejs/cli-linux-arm64-musl@2.2.5": {
      "integrity": "sha512-5Ov2wgAFwqDvQiESnu7b9ufD1faRa+40uwrohgBopeY84El2TnBDoMNXx6iuQdreoFGjwW8vH6k68G21EpNERw==",
      "os": ["linux"],
      "cpu": ["arm64"]
    },
    "@biomejs/cli-linux-arm64@2.2.5": {
      "integrity": "sha512-5DjiiDfHqGgR2MS9D+AZ8kOfrzTGqLKywn8hoXpXXlJXIECGQ32t+gt/uiS2XyGBM2XQhR6ztUvbjZWeccFMoQ==",
      "os": ["linux"],
      "cpu": ["arm64"]
    },
    "@biomejs/cli-linux-x64-musl@2.2.5": {
      "integrity": "sha512-AVqLCDb/6K7aPNIcxHaTQj01sl1m989CJIQFQEaiQkGr2EQwyOpaATJ473h+nXDUuAcREhccfRpe/tu+0wu0eQ==",
      "os": ["linux"],
      "cpu": ["x64"]
    },
    "@biomejs/cli-linux-x64@2.2.5": {
      "integrity": "sha512-fq9meKm1AEXeAWan3uCg6XSP5ObA6F/Ovm89TwaMiy1DNIwdgxPkNwxlXJX8iM6oRbFysYeGnT0OG8diCWb9ew==",
      "os": ["linux"],
      "cpu": ["x64"]
    },
    "@biomejs/cli-win32-arm64@2.2.5": {
      "integrity": "sha512-xaOIad4wBambwJa6mdp1FigYSIF9i7PCqRbvBqtIi9y29QtPVQ13sDGtUnsRoe6SjL10auMzQ6YAe+B3RpZXVg==",
      "os": ["win32"],
      "cpu": ["arm64"]
    },
    "@biomejs/cli-win32-x64@2.2.5": {
      "integrity": "sha512-F/jhuXCssPFAuciMhHKk00xnCAxJRS/pUzVfXYmOMUp//XW7mO6QeCjsjvnm8L4AO/dG2VOB0O+fJPiJ2uXtIw==",
      "os": ["win32"],
      "cpu": ["x64"]
    },
    "@types/react-dom@19.2.1_@types+react@19.2.2": {
      "integrity": "sha512-/EEvYBdT3BflCWvTMO7YkYBHVE9Ci6XdqZciZANQgKpaiDRGOLIlRo91jbTNRQjgPFWVaRxcYc0luVNFitz57A==",
      "dependencies": [
        "@types/react"
      ]
    },
    "@types/react@19.2.2": {
      "integrity": "sha512-6mDvHUFSjyT2B2yeNx2nUgMxh9LtOWvkhIU3uePn2I2oyNymUAX1NIsdgviM4CH+JSrp2D2hsMvJOkxY+0wNRA==",
      "dependencies": [
        "csstype"
      ]
    },
    "csstype@3.1.3": {
      "integrity": "sha512-M1uQkMl8rQK/szD0LNhtqxIPLpimGm8sOBwU7lLnCpSbTyY3yeU1Vc7l4KT5zT4s/yOxHH5O7tIuuLOCnLADRw=="
    }
  },
  "workspace": {
    "dependencies": [
      "npm:react-dom@19.2.0"
    ],
    "packageJson": {
      "dependencies": [
        "npm:@biomejs/biome@^2.2.5",
        "npm:@hono/node-server@^1.19.5",
        "npm:@hono/vite-dev-server@0.23",
        "npm:@iconify-json/fa7-brands@^1.2.0",
        "npm:@iconify-json/fa7-regular@^1.2.1",
        "npm:@iconify-json/fa7-solid@^1.2.2",
        "npm:@iconify/tools@^4.1.4",
        "npm:@iconify/types@2",
        "npm:@react-router/dev@^7.9.2",
        "npm:@react-router/node@^7.9.2",
        "npm:@react-router/serve@^7.9.2",
        "npm:@types/node@^24.7.2",
        "npm:@types/react-dom@^19.1.9",
        "npm:@types/react@^19.1.13",
        "npm:@unocss/preset-icons@^66.5.3",
        "npm:@unocss/preset-mini@^66.5.3",
        "npm:@unocss/preset-rem-to-px@^66.5.3",
        "npm:@unocss/vite@^66.5.3",
        "npm:hono@^4.9.11",
        "npm:isbot@^5.1.31",
        "npm:react-dom@^19.1.1",
        "npm:react-router@^7.9.2",
        "npm:react@^19.1.1",
        "npm:typescript@^5.9.2",
        "npm:unocss@^66.5.3",
        "npm:vite-tsconfig-paths@^5.1.4",
        "npm:vite@^7.1.7"
      ]
    }
  }
}
